
Microsoft Visual Studio Solution File, Format Version 12.00
# Visual Studio Version 16
VisualStudioVersion = 16.0.32002.261
MinimumVisualStudioVersion = 10.0.40219.1
Project("{FAE04EC0-301F-11D3-BF4B-00C04F79EFBC}") = "Validation_Control", "Validation_Control\Validation_Control.csproj", "{7B24E7A1-263E-40E4-9C65-2BFF97A56AD1}"
EndProject
Global
	GlobalSection(SolutionConfigurationPlatforms) = preSolution
		Debug|Any CPU = Debug|Any CPU
		Release|Any CPU = Release|Any CPU
	EndGlobalSection
	GlobalSection(ProjectConfigurationPlatforms) = postSolution
		{7B24E7A1-263E-40E4-9C65-2BFF97A56AD1}.Debug|Any CPU.ActiveCfg = Debug|Any CPU
		{7B24E7A1-263E-40E4-9C65-2BFF97A56AD1}.Debug|Any CPU.Build.0 = Debug|Any CPU
		{7B24E7A1-263E-40E4-9C65-2BFF97A56AD1}.Release|Any CPU.ActiveCfg = Release|Any CPU
		{7B24E7A1-263E-40E4-9C65-2BFF97A56AD1}.Release|Any CPU.Build.0 = Release|Any CPU
	EndGlobalSection
	GlobalSection(SolutionProperties) = preSolution
		HideSolutionNode = FALSE
	EndGlobalSection
	GlobalSection(ExtensibilityGlobals) = postSolution
		SolutionGuid = {BAAB4328-E809-43B5-B553-81AE2AD2A45C}
	EndGlobalSection
EndGlobal
