
Microsoft Visual Studio Solution File, Format Version 12.00
# Visual Studio Version 16
VisualStudioVersion = 16.0.32002.261
MinimumVisualStudioVersion = 10.0.40219.1
Project("{FAE04EC0-301F-11D3-BF4B-00C04F79EFBC}") = "Validation_ControlExp", "Validation_ControlExp\Validation_ControlExp.csproj", "{B0F33443-A747-4EAE-BA99-E9813AF2DAC5}"
EndProject
Global
	GlobalSection(SolutionConfigurationPlatforms) = preSolution
		Debug|Any CPU = Debug|Any CPU
		Release|Any CPU = Release|Any CPU
	EndGlobalSection
	GlobalSection(ProjectConfigurationPlatforms) = postSolution
		{B0F33443-A747-4EAE-BA99-E9813AF2DAC5}.Debug|Any CPU.ActiveCfg = Debug|Any CPU
		{B0F33443-A747-4EAE-BA99-E9813AF2DAC5}.Debug|Any CPU.Build.0 = Debug|Any CPU
		{B0F33443-A747-4EAE-BA99-E9813AF2DAC5}.Release|Any CPU.ActiveCfg = Release|Any CPU
		{B0F33443-A747-4EAE-BA99-E9813AF2DAC5}.Release|Any CPU.Build.0 = Release|Any CPU
	EndGlobalSection
	GlobalSection(SolutionProperties) = preSolution
		HideSolutionNode = FALSE
	EndGlobalSection
	GlobalSection(ExtensibilityGlobals) = postSolution
		SolutionGuid = {99F9F00E-C3CB-4237-AAAA-DAB92BBD5981}
	EndGlobalSection
EndGlobal
