
Microsoft Visual Studio Solution File, Format Version 12.00
# Visual Studio Version 16
VisualStudioVersion = 16.0.32002.261
MinimumVisualStudioVersion = 10.0.40219.1
Project("{FAE04EC0-301F-11D3-BF4B-00C04F79EFBC}") = "MVC_DropDownStudy", "MVC_DropDownStudy\MVC_DropDownStudy.csproj", "{297C2285-E6BB-4D51-8507-280ACE20EF9D}"
EndProject
Global
	GlobalSection(SolutionConfigurationPlatforms) = preSolution
		Debug|Any CPU = Debug|Any CPU
		Release|Any CPU = Release|Any CPU
	EndGlobalSection
	GlobalSection(ProjectConfigurationPlatforms) = postSolution
		{297C2285-E6BB-4D51-8507-280ACE20EF9D}.Debug|Any CPU.ActiveCfg = Debug|Any CPU
		{297C2285-E6BB-4D51-8507-280ACE20EF9D}.Debug|Any CPU.Build.0 = Debug|Any CPU
		{297C2285-E6BB-4D51-8507-280ACE20EF9D}.Release|Any CPU.ActiveCfg = Release|Any CPU
		{297C2285-E6BB-4D51-8507-280ACE20EF9D}.Release|Any CPU.Build.0 = Release|Any CPU
	EndGlobalSection
	GlobalSection(SolutionProperties) = preSolution
		HideSolutionNode = FALSE
	EndGlobalSection
	GlobalSection(ExtensibilityGlobals) = postSolution
		SolutionGuid = {3144F8AD-CA57-41E3-AA31-B6D7EE2C5BA1}
	EndGlobalSection
EndGlobal
