
Microsoft Visual Studio Solution File, Format Version 12.00
# Visual Studio Version 16
VisualStudioVersion = 16.0.32002.261
MinimumVisualStudioVersion = 10.0.40219.1
Project("{FAE04EC0-301F-11D3-BF4B-00C04F79EFBC}") = "MVC_Form_Collection_Study", "MVC_Form_Collection_Study\MVC_Form_Collection_Study.csproj", "{BFBD1FBD-83E5-41D2-BAFC-3860598B3545}"
EndProject
Global
	GlobalSection(SolutionConfigurationPlatforms) = preSolution
		Debug|Any CPU = Debug|Any CPU
		Release|Any CPU = Release|Any CPU
	EndGlobalSection
	GlobalSection(ProjectConfigurationPlatforms) = postSolution
		{BFBD1FBD-83E5-41D2-BAFC-3860598B3545}.Debug|Any CPU.ActiveCfg = Debug|Any CPU
		{BFBD1FBD-83E5-41D2-BAFC-3860598B3545}.Debug|Any CPU.Build.0 = Debug|Any CPU
		{BFBD1FBD-83E5-41D2-BAFC-3860598B3545}.Release|Any CPU.ActiveCfg = Release|Any CPU
		{BFBD1FBD-83E5-41D2-BAFC-3860598B3545}.Release|Any CPU.Build.0 = Release|Any CPU
	EndGlobalSection
	GlobalSection(SolutionProperties) = preSolution
		HideSolutionNode = FALSE
	EndGlobalSection
	GlobalSection(ExtensibilityGlobals) = postSolution
		SolutionGuid = {E7130985-346F-4D57-9E48-7951AF921D90}
	EndGlobalSection
EndGlobal
