
Microsoft Visual Studio Solution File, Format Version 12.00
# Visual Studio Version 16
VisualStudioVersion = 16.0.32002.261
MinimumVisualStudioVersion = 10.0.40219.1
Project("{F184B08F-C81C-45F6-A57F-5ABD9991F28F}") = "MVC_BASIC_Example", "MVC_BASIC_Example\MVC_BASIC_Example.vbproj", "{1E340401-ECEA-40EF-9BD1-D6A1913DA429}"
EndProject
Global
	GlobalSection(SolutionConfigurationPlatforms) = preSolution
		Debug|Any CPU = Debug|Any CPU
		Release|Any CPU = Release|Any CPU
	EndGlobalSection
	GlobalSection(ProjectConfigurationPlatforms) = postSolution
		{1E340401-ECEA-40EF-9BD1-D6A1913DA429}.Debug|Any CPU.ActiveCfg = Debug|Any CPU
		{1E340401-ECEA-40EF-9BD1-D6A1913DA429}.Debug|Any CPU.Build.0 = Debug|Any CPU
		{1E340401-ECEA-40EF-9BD1-D6A1913DA429}.Release|Any CPU.ActiveCfg = Release|Any CPU
		{1E340401-ECEA-40EF-9BD1-D6A1913DA429}.Release|Any CPU.Build.0 = Release|Any CPU
	EndGlobalSection
	GlobalSection(SolutionProperties) = preSolution
		HideSolutionNode = FALSE
	EndGlobalSection
	GlobalSection(ExtensibilityGlobals) = postSolution
		SolutionGuid = {C3957DCF-CB43-47F5-94BF-830F260A7680}
	EndGlobalSection
EndGlobal
